
Microsoft Visual Studio Solution File, Format Version 12.00
# Visual Studio 2012
Project("{8BC9CEB8-8B4A-11D0-8D11-00A0C91BC942}") = "LongestPalindromicSubstring", "LongestPalindromicSubstring\LongestPalindromicSubstring.vcxproj", "{118FB947-8B91-42D7-BEF9-70A92692E9B9}"
EndProject
Project("{8BC9CEB8-8B4A-11D0-8D11-00A0C91BC942}") = "AlternatingSum", "AlternatingSum\AlternatingSum.vcxproj", "{495501F1-C318-4FA2-B938-E471B82B7E30}"
EndProject
Project("{8BC9CEB8-8B4A-11D0-8D11-00A0C91BC942}") = "DeleteCharacter", "DeleteCharacter\DeleteCharacter.vcxproj", "{B302C1BB-EF53-4C58-8540-019C2BB59D63}"
EndProject
Project("{8BC9CEB8-8B4A-11D0-8D11-00A0C91BC942}") = "RectangularJudgement", "RectangularJudgement\RectangularJudgement.vcxproj", "{29D130A2-5801-44FF-86E4-99349BB0B7C4}"
EndProject
Project("{8BC9CEB8-8B4A-11D0-8D11-00A0C91BC942}") = "CompletePack", "CompletePack\CompletePack.vcxproj", "{00438271-1A49-42E8-915D-364D056263BD}"
EndProject
Project("{8BC9CEB8-8B4A-11D0-8D11-00A0C91BC942}") = "ObtainManorOnAHorse", "ObtainManorOnAHorse\ObtainManorOnAHorse.vcxproj", "{6830A60D-449D-4DB5-8E14-97D4B10A9CE6}"
EndProject
Project("{8BC9CEB8-8B4A-11D0-8D11-00A0C91BC942}") = "NationalDayTravel", "NationalDayTravel\NationalDayTravel.vcxproj", "{4261890C-9019-4557-87E8-F6465C537787}"
EndProject
Project("{8BC9CEB8-8B4A-11D0-8D11-00A0C91BC942}") = "Elfin", "Elfin\Elfin.vcxproj", "{4AB21048-49ED-4645-80E5-049556327618}"
EndProject
Project("{8BC9CEB8-8B4A-11D0-8D11-00A0C91BC942}") = "HaveLunchTogether", "HaveLunchTogether\HaveLunchTogether.vcxproj", "{EF048052-023E-4826-9925-F1883E59698D}"
EndProject
Project("{8BC9CEB8-8B4A-11D0-8D11-00A0C91BC942}") = "test", "test\test.vcxproj", "{126E3331-DFAB-4919-8710-2E1283F7C574}"
EndProject
Project("{8BC9CEB8-8B4A-11D0-8D11-00A0C91BC942}") = "LongestRoadInTheTree", "LongestRoadInTheTree\LongestRoadInTheTree.vcxproj", "{C24B71B6-4668-4621-8014-31C2565857E3}"
EndProject
Project("{8BC9CEB8-8B4A-11D0-8D11-00A0C91BC942}") = "BeautifulString", "BeautifulString\BeautifulString.vcxproj", "{E962AAC9-34F5-45FE-B4DE-B534E0C37BCA}"
EndProject
Project("{8BC9CEB8-8B4A-11D0-8D11-00A0C91BC942}") = "UnionFindSet", "UnionFindSet\UnionFindSet.vcxproj", "{7CD80C52-6FE9-4CB3-83A2-1590D42EECAA}"
EndProject
Project("{8BC9CEB8-8B4A-11D0-8D11-00A0C91BC942}") = "SlideUnlock", "SlideUnlock\SlideUnlock.vcxproj", "{F20CA9DC-E3F8-404A-90E7-C4806A044EC9}"
EndProject
Global
	GlobalSection(SolutionConfigurationPlatforms) = preSolution
		Debug|Win32 = Debug|Win32
		Release|Win32 = Release|Win32
	EndGlobalSection
	GlobalSection(ProjectConfigurationPlatforms) = postSolution
		{118FB947-8B91-42D7-BEF9-70A92692E9B9}.Debug|Win32.ActiveCfg = Debug|Win32
		{118FB947-8B91-42D7-BEF9-70A92692E9B9}.Debug|Win32.Build.0 = Debug|Win32
		{118FB947-8B91-42D7-BEF9-70A92692E9B9}.Release|Win32.ActiveCfg = Release|Win32
		{118FB947-8B91-42D7-BEF9-70A92692E9B9}.Release|Win32.Build.0 = Release|Win32
		{495501F1-C318-4FA2-B938-E471B82B7E30}.Debug|Win32.ActiveCfg = Debug|Win32
		{495501F1-C318-4FA2-B938-E471B82B7E30}.Debug|Win32.Build.0 = Debug|Win32
		{495501F1-C318-4FA2-B938-E471B82B7E30}.Release|Win32.ActiveCfg = Release|Win32
		{495501F1-C318-4FA2-B938-E471B82B7E30}.Release|Win32.Build.0 = Release|Win32
		{B302C1BB-EF53-4C58-8540-019C2BB59D63}.Debug|Win32.ActiveCfg = Debug|Win32
		{B302C1BB-EF53-4C58-8540-019C2BB59D63}.Debug|Win32.Build.0 = Debug|Win32
		{B302C1BB-EF53-4C58-8540-019C2BB59D63}.Release|Win32.ActiveCfg = Release|Win32
		{B302C1BB-EF53-4C58-8540-019C2BB59D63}.Release|Win32.Build.0 = Release|Win32
		{29D130A2-5801-44FF-86E4-99349BB0B7C4}.Debug|Win32.ActiveCfg = Debug|Win32
		{29D130A2-5801-44FF-86E4-99349BB0B7C4}.Debug|Win32.Build.0 = Debug|Win32
		{29D130A2-5801-44FF-86E4-99349BB0B7C4}.Release|Win32.ActiveCfg = Release|Win32
		{29D130A2-5801-44FF-86E4-99349BB0B7C4}.Release|Win32.Build.0 = Release|Win32
		{00438271-1A49-42E8-915D-364D056263BD}.Debug|Win32.ActiveCfg = Debug|Win32
		{00438271-1A49-42E8-915D-364D056263BD}.Debug|Win32.Build.0 = Debug|Win32
		{00438271-1A49-42E8-915D-364D056263BD}.Release|Win32.ActiveCfg = Release|Win32
		{00438271-1A49-42E8-915D-364D056263BD}.Release|Win32.Build.0 = Release|Win32
		{6830A60D-449D-4DB5-8E14-97D4B10A9CE6}.Debug|Win32.ActiveCfg = Debug|Win32
		{6830A60D-449D-4DB5-8E14-97D4B10A9CE6}.Debug|Win32.Build.0 = Debug|Win32
		{6830A60D-449D-4DB5-8E14-97D4B10A9CE6}.Release|Win32.ActiveCfg = Release|Win32
		{6830A60D-449D-4DB5-8E14-97D4B10A9CE6}.Release|Win32.Build.0 = Release|Win32
		{4261890C-9019-4557-87E8-F6465C537787}.Debug|Win32.ActiveCfg = Debug|Win32
		{4261890C-9019-4557-87E8-F6465C537787}.Debug|Win32.Build.0 = Debug|Win32
		{4261890C-9019-4557-87E8-F6465C537787}.Release|Win32.ActiveCfg = Release|Win32
		{4261890C-9019-4557-87E8-F6465C537787}.Release|Win32.Build.0 = Release|Win32
		{4AB21048-49ED-4645-80E5-049556327618}.Debug|Win32.ActiveCfg = Debug|Win32
		{4AB21048-49ED-4645-80E5-049556327618}.Debug|Win32.Build.0 = Debug|Win32
		{4AB21048-49ED-4645-80E5-049556327618}.Release|Win32.ActiveCfg = Release|Win32
		{4AB21048-49ED-4645-80E5-049556327618}.Release|Win32.Build.0 = Release|Win32
		{EF048052-023E-4826-9925-F1883E59698D}.Debug|Win32.ActiveCfg = Debug|Win32
		{EF048052-023E-4826-9925-F1883E59698D}.Debug|Win32.Build.0 = Debug|Win32
		{EF048052-023E-4826-9925-F1883E59698D}.Release|Win32.ActiveCfg = Release|Win32
		{EF048052-023E-4826-9925-F1883E59698D}.Release|Win32.Build.0 = Release|Win32
<<<<<<< HEAD
		{126E3331-DFAB-4919-8710-2E1283F7C574}.Debug|Win32.ActiveCfg = Debug|Win32
		{126E3331-DFAB-4919-8710-2E1283F7C574}.Debug|Win32.Build.0 = Debug|Win32
		{126E3331-DFAB-4919-8710-2E1283F7C574}.Release|Win32.ActiveCfg = Release|Win32
		{126E3331-DFAB-4919-8710-2E1283F7C574}.Release|Win32.Build.0 = Release|Win32
=======
		{C24B71B6-4668-4621-8014-31C2565857E3}.Debug|Win32.ActiveCfg = Debug|Win32
		{C24B71B6-4668-4621-8014-31C2565857E3}.Debug|Win32.Build.0 = Debug|Win32
		{C24B71B6-4668-4621-8014-31C2565857E3}.Release|Win32.ActiveCfg = Release|Win32
		{C24B71B6-4668-4621-8014-31C2565857E3}.Release|Win32.Build.0 = Release|Win32
		{E962AAC9-34F5-45FE-B4DE-B534E0C37BCA}.Debug|Win32.ActiveCfg = Debug|Win32
		{E962AAC9-34F5-45FE-B4DE-B534E0C37BCA}.Debug|Win32.Build.0 = Debug|Win32
		{E962AAC9-34F5-45FE-B4DE-B534E0C37BCA}.Release|Win32.ActiveCfg = Release|Win32
		{E962AAC9-34F5-45FE-B4DE-B534E0C37BCA}.Release|Win32.Build.0 = Release|Win32
		{7CD80C52-6FE9-4CB3-83A2-1590D42EECAA}.Debug|Win32.ActiveCfg = Debug|Win32
		{7CD80C52-6FE9-4CB3-83A2-1590D42EECAA}.Debug|Win32.Build.0 = Debug|Win32
		{7CD80C52-6FE9-4CB3-83A2-1590D42EECAA}.Release|Win32.ActiveCfg = Release|Win32
		{7CD80C52-6FE9-4CB3-83A2-1590D42EECAA}.Release|Win32.Build.0 = Release|Win32
		{F20CA9DC-E3F8-404A-90E7-C4806A044EC9}.Debug|Win32.ActiveCfg = Debug|Win32
		{F20CA9DC-E3F8-404A-90E7-C4806A044EC9}.Debug|Win32.Build.0 = Debug|Win32
		{F20CA9DC-E3F8-404A-90E7-C4806A044EC9}.Release|Win32.ActiveCfg = Release|Win32
		{F20CA9DC-E3F8-404A-90E7-C4806A044EC9}.Release|Win32.Build.0 = Release|Win32
>>>>>>> 37b6750fad0e2d0804c697b0b800c27a32729ed4
	EndGlobalSection
	GlobalSection(SolutionProperties) = preSolution
		HideSolutionNode = FALSE
	EndGlobalSection
EndGlobal
